Microsoft Visual Studio Solution File, Format Version 11.00
# Visual Studio 2008

Project("{6FC6F8FA-1AA8-B7B5-9151-793B4CAEA018}") = "RPG", "Assembly-CSharp-firstpass.csproj", "{60FF69C5-FB93-DB0D-E4B0-6B9EF11DA4B3}"
EndProject
Project("{6FC6F8FA-1AA8-B7B5-9151-793B4CAEA018}") = "RPG", "Assembly-CSharp.csproj", "{0BE8E511-D506-A1D0-E67D-923A5ED26D39}"
EndProject
Project("{6FC6F8FA-1AA8-B7B5-9151-793B4CAEA018}") = "RPG", "Assembly-CSharp-Editor.csproj", "{00366C92-7ED2-FFA1-4310-E9B080B0170D}"
EndProject
Project("{6FC6F8FA-1AA8-B7B5-9151-793B4CAEA018}") = "RPG", "Assembly-UnityScript.unityproj", "{3A32AD71-96D4-17EB-2AD3-4BA4D28C5949}"
EndProject
Global
	GlobalSection(SolutionConfigurationPlatforms) = preSolution
		Debug|Any CPU = Debug|Any CPU
		Release|Any CPU = Release|Any CPU
	EndGlobalSection
	GlobalSection(ProjectConfigurationPlatforms) = postSolution
		{60FF69C5-FB93-DB0D-E4B0-6B9EF11DA4B3}.Debug|Any CPU.ActiveCfg = Debug|Any CPU
		{60FF69C5-FB93-DB0D-E4B0-6B9EF11DA4B3}.Debug|Any CPU.Build.0 = Debug|Any CPU
		{60FF69C5-FB93-DB0D-E4B0-6B9EF11DA4B3}.Release|Any CPU.ActiveCfg = Release|Any CPU
		{60FF69C5-FB93-DB0D-E4B0-6B9EF11DA4B3}.Release|Any CPU.Build.0 = Release|Any CPU
		{0BE8E511-D506-A1D0-E67D-923A5ED26D39}.Debug|Any CPU.ActiveCfg = Debug|Any CPU
		{0BE8E511-D506-A1D0-E67D-923A5ED26D39}.Debug|Any CPU.Build.0 = Debug|Any CPU
		{0BE8E511-D506-A1D0-E67D-923A5ED26D39}.Release|Any CPU.ActiveCfg = Release|Any CPU
		{0BE8E511-D506-A1D0-E67D-923A5ED26D39}.Release|Any CPU.Build.0 = Release|Any CPU
		{00366C92-7ED2-FFA1-4310-E9B080B0170D}.Debug|Any CPU.ActiveCfg = Debug|Any CPU
		{00366C92-7ED2-FFA1-4310-E9B080B0170D}.Debug|Any CPU.Build.0 = Debug|Any CPU
		{00366C92-7ED2-FFA1-4310-E9B080B0170D}.Release|Any CPU.ActiveCfg = Release|Any CPU
		{00366C92-7ED2-FFA1-4310-E9B080B0170D}.Release|Any CPU.Build.0 = Release|Any CPU
		{3A32AD71-96D4-17EB-2AD3-4BA4D28C5949}.Debug|Any CPU.ActiveCfg = Debug|Any CPU
		{3A32AD71-96D4-17EB-2AD3-4BA4D28C5949}.Debug|Any CPU.Build.0 = Debug|Any CPU
		{3A32AD71-96D4-17EB-2AD3-4BA4D28C5949}.Release|Any CPU.ActiveCfg = Release|Any CPU
		{3A32AD71-96D4-17EB-2AD3-4BA4D28C5949}.Release|Any CPU.Build.0 = Release|Any CPU
	EndGlobalSection
	GlobalSection(SolutionProperties) = preSolution
		HideSolutionNode = FALSE
	EndGlobalSection
																																																																																																																																																																																																																																																																																																																																	GlobalSection(MonoDevelopProperties) = preSolution
=======
																																																																																																																																																																																																																																																																																																																																	GlobalSection(MonoDevelopProperties) = preSolution
>>>>>>> 09d0bb3e4cc87a349b479e5238ec906767c07a81
=======
																																																																																																																																																																																																																																																																																																																												GlobalSection(MonoDevelopProperties) = preSolution
>>>>>>> df1139931338732fb2bf84c6e14fb71f57c728b7
=======
<<<<<<< HEAD
																																																																																																																																																																																																																																																																													GlobalSection(MonoDevelopProperties) = preSolution
=======
																																																																																																																																																																																																																																																																																																						GlobalSection(MonoDevelopProperties) = preSolution
>>>>>>> cb53bdacbc81f4a13fc2568b94c3fb78d78d7720
>>>>>>> 6c61f46d7016f1363106c0614de7794aa110205a
=======
<<<<<<< HEAD
																																																																																																																																																																																																																																																																																												GlobalSection(MonoDevelopProperties) = preSolution
=======
<<<<<<< HEAD
																																																																																																																																																																																																																																																																										GlobalSection(MonoDevelopProperties) = preSolution
=======
																																																																																																																																																																																																																																																																																										GlobalSection(MonoDevelopProperties) = preSolution
>>>>>>> a03e713fd73b2b5806d43c469bf4ce23f4dd96fa
=======
																																																																																																																																																																																																																																																																																							GlobalSection(MonoDevelopProperties) = preSolution
>>>>>>> 1a1f98cf04e9a2e0027df32611f42ee8399824ef
=======
																																																																																																																																																																																																																																																																												GlobalSection(MonoDevelopProperties) = preSolution
>>>>>>> b7d33aacf607543a06f5fa0ae249f26707e96d00
>>>>>>> d5fd41f532b41c81d15b2775cc3b688d942b610c
>>>>>>> 2cf5e8f8e494278771ed18d9a427660fe4973d48
=======
																																																																																																																																																																																													GlobalSection(MonoDevelopProperties) = preSolution
>>>>>>> 685b423ff1db9c1f6d0f9138bd9c0fda816f5ee2
		StartupItem = Assembly-CSharp.csproj
		Policies = $0
		$0.TextStylePolicy = $1
		$1.inheritsSet = null
		$1.scope = text/x-csharp
		$0.CSharpFormattingPolicy = $2
		$2.inheritsSet = Mono
		$2.inheritsScope = text/x-csharp
		$2.scope = text/x-csharp
		$0.TextStylePolicy = $3
		$3.FileWidth = 120
		$3.TabWidth = 4
		$3.IndentWidth = 4
		$3.EolMarker = Unix
		$3.inheritsSet = Mono
		$3.inheritsScope = text/plain
		$3.scope = text/plain
	EndGlobalSection

EndGlobal
